// !$*UTF8*$!
{
	archiveVersion = 1;
	classes = {
	};
	objectVersion = 48;
	objects = {

/* Begin PBXBuildFile section */
		91419DEE20618EF20093104E /* RssfeedParser.swift in Sources */ = {isa = PBXBuildFile; fileRef = 91419DED20618EF20093104E /* RssfeedParser.swift */; };
		91419E1420619C7A0093104E /* FeedKit.framework in Frameworks */ = {isa = PBXBuildFile; fileRef = 91419E1320619C7A0093104E /* FeedKit.framework */; };
		91419E1520619C7A0093104E /* FeedKit.framework in Embed Frameworks */ = {isa = PBXBuildFile; fileRef = 91419E1320619C7A0093104E /* FeedKit.framework */; settings = {ATTRIBUTES = (CodeSignOnCopy, RemoveHeadersOnCopy, ); }; };
		9148C233206290FB00E0E433 /* PlaylistTableViewCell.swift in Sources */ = {isa = PBXBuildFile; fileRef = 9148C232206290FB00E0E433 /* PlaylistTableViewCell.swift */; };
		9148C23620629B2F00E0E433 /* Download.swift in Sources */ = {isa = PBXBuildFile; fileRef = 9148C23520629B2F00E0E433 /* Download.swift */; };
		9148C23820629B7000E0E433 /* DownloadService.swift in Sources */ = {isa = PBXBuildFile; fileRef = 9148C23720629B7000E0E433 /* DownloadService.swift */; };
		9148C23A20629C4100E0E433 /* PlaylistVc+URLSessionDelegate.swift in Sources */ = {isa = PBXBuildFile; fileRef = 9148C23920629C4100E0E433 /* PlaylistVc+URLSessionDelegate.swift */; };
		914B52C3206185AC00E659CB /* Playlists.storyboard in Resources */ = {isa = PBXBuildFile; fileRef = 914B52C2206185AC00E659CB /* Playlists.storyboard */; };
		914B52C52061866400E659CB /* PlaylistsViewController.swift in Sources */ = {isa = PBXBuildFile; fileRef = 914B52C42061866400E659CB /* PlaylistsViewController.swift */; };
		914B52C8206186A300E659CB /* EpisodesViewController.swift in Sources */ = {isa = PBXBuildFile; fileRef = 914B52C7206186A300E659CB /* EpisodesViewController.swift */; };
		914B52CA206186B000E659CB /* AddPodcastViewController.swift in Sources */ = {isa = PBXBuildFile; fileRef = 914B52C9206186B000E659CB /* AddPodcastViewController.swift */; };
		914B52D02061873E00E659CB /* EpisodeDetailViewController.swift in Sources */ = {isa = PBXBuildFile; fileRef = 914B52CF2061873E00E659CB /* EpisodeDetailViewController.swift */; };
		914B52D22061878E00E659CB /* PodcastTableViewCell.swift in Sources */ = {isa = PBXBuildFile; fileRef = 914B52D12061878E00E659CB /* PodcastTableViewCell.swift */; };
		914B52D42061879D00E659CB /* EpisodeTableViewCell.swift in Sources */ = {isa = PBXBuildFile; fileRef = 914B52D32061879D00E659CB /* EpisodeTableViewCell.swift */; };
		914B52D82061892200E659CB /* PodcastsViewController.swift in Sources */ = {isa = PBXBuildFile; fileRef = 914B52D72061892200E659CB /* PodcastsViewController.swift */; };
		FE00524B205AF07800F223BD /* FavouritesTableViewCell.swift in Sources */ = {isa = PBXBuildFile; fileRef = FE00524A205AF07800F223BD /* FavouritesTableViewCell.swift */; };
		FE3EBFD120599E77004842DF /* AppDelegate.swift in Sources */ = {isa = PBXBuildFile; fileRef = FE3EBFD020599E77004842DF /* AppDelegate.swift */; };
		FE3EBFD320599E77004842DF /* ViewController.swift in Sources */ = {isa = PBXBuildFile; fileRef = FE3EBFD220599E77004842DF /* ViewController.swift */; };
		FE3EBFD620599E77004842DF /* Main.storyboard in Resources */ = {isa = PBXBuildFile; fileRef = FE3EBFD420599E77004842DF /* Main.storyboard */; };
		FE3EBFD920599E77004842DF /* Podclips.xcdatamodeld in Sources */ = {isa = PBXBuildFile; fileRef = FE3EBFD720599E77004842DF /* Podclips.xcdatamodeld */; };
		FE3EBFDB20599E77004842DF /* Assets.xcassets in Resources */ = {isa = PBXBuildFile; fileRef = FE3EBFDA20599E77004842DF /* Assets.xcassets */; };
		FE3EBFDE20599E77004842DF /* LaunchScreen.storyboard in Resources */ = {isa = PBXBuildFile; fileRef = FE3EBFDC20599E77004842DF /* LaunchScreen.storyboard */; };
		FE3EBFE82059A80E004842DF /* Podcasts.storyboard in Resources */ = {isa = PBXBuildFile; fileRef = FE3EBFE72059A80E004842DF /* Podcasts.storyboard */; };
		FE3EBFEA2059A815004842DF /* Favourites.storyboard in Resources */ = {isa = PBXBuildFile; fileRef = FE3EBFE92059A815004842DF /* Favourites.storyboard */; };
		FE3EBFEC2059A81A004842DF /* Player.storyboard in Resources */ = {isa = PBXBuildFile; fileRef = FE3EBFEB2059A81A004842DF /* Player.storyboard */; };
		FE3EBFF22059AE9D004842DF /* FavouritesTableViewController.swift in Sources */ = {isa = PBXBuildFile; fileRef = FE3EBFF12059AE9D004842DF /* FavouritesTableViewController.swift */; };
		FE3EBFF42059B36A004842DF /* PlayerViewController.swift in Sources */ = {isa = PBXBuildFile; fileRef = FE3EBFF32059B36A004842DF /* PlayerViewController.swift */; };
		FE3EBFF62059C460004842DF /* MiniPlayerViewController.swift in Sources */ = {isa = PBXBuildFile; fileRef = FE3EBFF52059C460004842DF /* MiniPlayerViewController.swift */; };
		FE3EBFF82059CE86004842DF /* MiniPlayer.storyboard in Resources */ = {isa = PBXBuildFile; fileRef = FE3EBFF72059CE86004842DF /* MiniPlayer.storyboard */; };
		FE3EBFFB2059D425004842DF /* AudioManager.swift in Sources */ = {isa = PBXBuildFile; fileRef = FE3EBFFA2059D425004842DF /* AudioManager.swift */; };
		FE3EC0012059EDA8004842DF /* DataManager.swift in Sources */ = {isa = PBXBuildFile; fileRef = FE3EC0002059EDA7004842DF /* DataManager.swift */; };
		FE44F850205ADB1F00D988FD /* UIAlertController+CustomAlert.swift in Sources */ = {isa = PBXBuildFile; fileRef = FE44F84F205ADB1F00D988FD /* UIAlertController+CustomAlert.swift */; };
		FEE79A2D205C150900B79F63 /* ProgressSlider.swift in Sources */ = {isa = PBXBuildFile; fileRef = FEE79A2C205C150900B79F63 /* ProgressSlider.swift */; };
/* End PBXBuildFile section */

/* Begin PBXCopyFilesBuildPhase section */
		91419E1220619A5A0093104E /* Embed Frameworks */ = {
			isa = PBXCopyFilesBuildPhase;
			buildActionMask = 2147483647;
			dstPath = "";
			dstSubfolderSpec = 10;
			files = (
				91419E1520619C7A0093104E /* FeedKit.framework in Embed Frameworks */,
			);
			name = "Embed Frameworks";
			runOnlyForDeploymentPostprocessing = 0;
		};
/* End PBXCopyFilesBuildPhase section */

/* Begin PBXFileReference section */
		91419DED20618EF20093104E /* RssfeedParser.swift */ = {isa = PBXFileReference; lastKnownFileType = sourcecode.swift; path = RssfeedParser.swift; sourceTree = "<group>"; };
		91419E1320619C7A0093104E /* FeedKit.framework */ = {isa = PBXFileReference; lastKnownFileType = wrapper.framework; name = FeedKit.framework; path = Carthage/Build/iOS/FeedKit.framework; sourceTree = "<group>"; };
		9148C232206290FB00E0E433 /* PlaylistTableViewCell.swift */ = {isa = PBXFileReference; lastKnownFileType = sourcecode.swift; path = PlaylistTableViewCell.swift; sourceTree = "<group>"; };
		9148C23520629B2F00E0E433 /* Download.swift */ = {isa = PBXFileReference; lastKnownFileType = sourcecode.swift; path = Download.swift; sourceTree = "<group>"; };
		9148C23720629B7000E0E433 /* DownloadService.swift */ = {isa = PBXFileReference; lastKnownFileType = sourcecode.swift; path = DownloadService.swift; sourceTree = "<group>"; };
		9148C23920629C4100E0E433 /* PlaylistVc+URLSessionDelegate.swift */ = {isa = PBXFileReference; lastKnownFileType = sourcecode.swift; path = "PlaylistVc+URLSessionDelegate.swift"; sourceTree = "<group>"; };
		914B52C2206185AC00E659CB /* Playlists.storyboard */ = {isa = PBXFileReference; lastKnownFileType = file.storyboard; path = Playlists.storyboard; sourceTree = "<group>"; };
		914B52C42061866400E659CB /* PlaylistsViewController.swift */ = {isa = PBXFileReference; lastKnownFileType = sourcecode.swift; path = PlaylistsViewController.swift; sourceTree = "<group>"; };
		914B52C7206186A300E659CB /* EpisodesViewController.swift */ = {isa = PBXFileReference; lastKnownFileType = sourcecode.swift; path = EpisodesViewController.swift; sourceTree = "<group>"; };
		914B52C9206186B000E659CB /* AddPodcastViewController.swift */ = {isa = PBXFileReference; lastKnownFileType = sourcecode.swift; path = AddPodcastViewController.swift; sourceTree = "<group>"; };
		914B52CF2061873E00E659CB /* EpisodeDetailViewController.swift */ = {isa = PBXFileReference; lastKnownFileType = sourcecode.swift; path = EpisodeDetailViewController.swift; sourceTree = "<group>"; };
		914B52D12061878E00E659CB /* PodcastTableViewCell.swift */ = {isa = PBXFileReference; lastKnownFileType = sourcecode.swift; path = PodcastTableViewCell.swift; sourceTree = "<group>"; };
		914B52D32061879D00E659CB /* EpisodeTableViewCell.swift */ = {isa = PBXFileReference; lastKnownFileType = sourcecode.swift; path = EpisodeTableViewCell.swift; sourceTree = "<group>"; };
		914B52D72061892200E659CB /* PodcastsViewController.swift */ = {isa = PBXFileReference; lastKnownFileType = sourcecode.swift; path = PodcastsViewController.swift; sourceTree = "<group>"; };
		FE00524A205AF07800F223BD /* FavouritesTableViewCell.swift */ = {isa = PBXFileReference; lastKnownFileType = sourcecode.swift; path = FavouritesTableViewCell.swift; sourceTree = "<group>"; };
		FE3EBFCD20599E77004842DF /* Podclips.app */ = {isa = PBXFileReference; explicitFileType = wrapper.application; includeInIndex = 0; path = Podclips.app; sourceTree = BUILT_PRODUCTS_DIR; };
		FE3EBFD020599E77004842DF /* AppDelegate.swift */ = {isa = PBXFileReference; lastKnownFileType = sourcecode.swift; path = AppDelegate.swift; sourceTree = "<group>"; };
		FE3EBFD220599E77004842DF /* ViewController.swift */ = {isa = PBXFileReference; lastKnownFileType = sourcecode.swift; path = ViewController.swift; sourceTree = "<group>"; };
		FE3EBFD520599E77004842DF /* Base */ = {isa = PBXFileReference; lastKnownFileType = file.storyboard; name = Base; path = Base.lproj/Main.storyboard; sourceTree = "<group>"; };
		FE3EBFD820599E77004842DF /* Podclips.xcdatamodel */ = {isa = PBXFileReference; lastKnownFileType = wrapper.xcdatamodel; path = Podclips.xcdatamodel; sourceTree = "<group>"; };
		FE3EBFDA20599E77004842DF /* Assets.xcassets */ = {isa = PBXFileReference; lastKnownFileType = folder.assetcatalog; path = Assets.xcassets; sourceTree = "<group>"; };
		FE3EBFDD20599E77004842DF /* Base */ = {isa = PBXFileReference; lastKnownFileType = file.storyboard; name = Base; path = Base.lproj/LaunchScreen.storyboard; sourceTree = "<group>"; };
		FE3EBFDF20599E77004842DF /* Info.plist */ = {isa = PBXFileReference; lastKnownFileType = text.plist.xml; path = Info.plist; sourceTree = "<group>"; };
		FE3EBFE72059A80E004842DF /* Podcasts.storyboard */ = {isa = PBXFileReference; lastKnownFileType = file.storyboard; path = Podcasts.storyboard; sourceTree = "<group>"; };
		FE3EBFE92059A815004842DF /* Favourites.storyboard */ = {isa = PBXFileReference; lastKnownFileType = file.storyboard; path = Favourites.storyboard; sourceTree = "<group>"; };
		FE3EBFEB2059A81A004842DF /* Player.storyboard */ = {isa = PBXFileReference; lastKnownFileType = file.storyboard; path = Player.storyboard; sourceTree = "<group>"; };
		FE3EBFF12059AE9D004842DF /* FavouritesTableViewController.swift */ = {isa = PBXFileReference; lastKnownFileType = sourcecode.swift; path = FavouritesTableViewController.swift; sourceTree = "<group>"; };
		FE3EBFF32059B36A004842DF /* PlayerViewController.swift */ = {isa = PBXFileReference; lastKnownFileType = sourcecode.swift; path = PlayerViewController.swift; sourceTree = "<group>"; };
		FE3EBFF52059C460004842DF /* MiniPlayerViewController.swift */ = {isa = PBXFileReference; lastKnownFileType = sourcecode.swift; path = MiniPlayerViewController.swift; sourceTree = "<group>"; };
		FE3EBFF72059CE86004842DF /* MiniPlayer.storyboard */ = {isa = PBXFileReference; lastKnownFileType = file.storyboard; path = MiniPlayer.storyboard; sourceTree = "<group>"; };
		FE3EBFFA2059D425004842DF /* AudioManager.swift */ = {isa = PBXFileReference; lastKnownFileType = sourcecode.swift; path = AudioManager.swift; sourceTree = "<group>"; };
		FE3EC0002059EDA7004842DF /* DataManager.swift */ = {isa = PBXFileReference; lastKnownFileType = sourcecode.swift; path = DataManager.swift; sourceTree = "<group>"; };
		FE44F84F205ADB1F00D988FD /* UIAlertController+CustomAlert.swift */ = {isa = PBXFileReference; fileEncoding = 4; lastKnownFileType = sourcecode.swift; path = "UIAlertController+CustomAlert.swift"; sourceTree = "<group>"; };
		FEE79A2C205C150900B79F63 /* ProgressSlider.swift */ = {isa = PBXFileReference; lastKnownFileType = sourcecode.swift; path = ProgressSlider.swift; sourceTree = "<group>"; };
/* End PBXFileReference section */

/* Begin PBXFrameworksBuildPhase section */
		FE3EBFCA20599E77004842DF /* Frameworks */ = {
			isa = PBXFrameworksBuildPhase;
			buildActionMask = 2147483647;
			files = (
				91419E1420619C7A0093104E /* FeedKit.framework in Frameworks */,
			);
			runOnlyForDeploymentPostprocessing = 0;
		};
/* End PBXFrameworksBuildPhase section */

/* Begin PBXGroup section */
		91419DEC20618ED50093104E /* feed Parsing */ = {
			isa = PBXGroup;
			children = (
				91419DED20618EF20093104E /* RssfeedParser.swift */,
			);
			path = "feed Parsing";
			sourceTree = "<group>";
		};
		9148C2342062993B00E0E433 /* Download */ = {
			isa = PBXGroup;
			children = (
				9148C23520629B2F00E0E433 /* Download.swift */,
				9148C23720629B7000E0E433 /* DownloadService.swift */,
				9148C23920629C4100E0E433 /* PlaylistVc+URLSessionDelegate.swift */,
			);
			path = Download;
			sourceTree = "<group>";
		};
		914B52BE2061821B00E659CB /* PlaylistsTab */ = {
			isa = PBXGroup;
			children = (
				914B52C42061866400E659CB /* PlaylistsViewController.swift */,
			);
			path = PlaylistsTab;
			sourceTree = "<group>";
		};
		914B52BF2061822A00E659CB /* PodcastsTab */ = {
			isa = PBXGroup;
			children = (
				914B52D72061892200E659CB /* PodcastsViewController.swift */,
				914B52C9206186B000E659CB /* AddPodcastViewController.swift */,
				914B52C7206186A300E659CB /* EpisodesViewController.swift */,
				914B52CF2061873E00E659CB /* EpisodeDetailViewController.swift */,
			);
			path = PodcastsTab;
			sourceTree = "<group>";
		};
		914B52C62061867400E659CB /* TableView Cell */ = {
			isa = PBXGroup;
			children = (
				914B52D12061878E00E659CB /* PodcastTableViewCell.swift */,
				914B52D32061879D00E659CB /* EpisodeTableViewCell.swift */,
				9148C232206290FB00E0E433 /* PlaylistTableViewCell.swift */,
			);
			path = "TableView Cell";
			sourceTree = "<group>";
		};
		914B52CD206186DE00E659CB /* Playlist Tab */ = {
			isa = PBXGroup;
			children = (
				914B52C2206185AC00E659CB /* Playlists.storyboard */,
			);
			path = "Playlist Tab";
			sourceTree = "<group>";
		};
		914B52CE206186E700E659CB /* PodcastTab */ = {
			isa = PBXGroup;
			children = (
				FE3EBFE72059A80E004842DF /* Podcasts.storyboard */,
			);
			path = PodcastTab;
			sourceTree = "<group>";
		};
		FE3EBFC420599E77004842DF = {
			isa = PBXGroup;
			children = (
				91419E1320619C7A0093104E /* FeedKit.framework */,
				FE3EBFCF20599E77004842DF /* Podclips */,
				FE3EBFCE20599E77004842DF /* Products */,
			);
			sourceTree = "<group>";
		};
		FE3EBFCE20599E77004842DF /* Products */ = {
			isa = PBXGroup;
			children = (
				FE3EBFCD20599E77004842DF /* Podclips.app */,
			);
			name = Products;
			sourceTree = "<group>";
		};
		FE3EBFCF20599E77004842DF /* Podclips */ = {
			isa = PBXGroup;
			children = (
				FE3EBFD020599E77004842DF /* AppDelegate.swift */,
				FE3EBFF92059D410004842DF /* Model */,
				FE3EBFEE2059A8C6004842DF /* View Controllers */,
				FE3EBFED2059A8AD004842DF /* Storyboards */,
				FE3EBFDA20599E77004842DF /* Assets.xcassets */,
				FE3EBFDF20599E77004842DF /* Info.plist */,
			);
			path = Podclips;
			sourceTree = "<group>";
		};
		FE3EBFED2059A8AD004842DF /* Storyboards */ = {
			isa = PBXGroup;
			children = (
				914B52CD206186DE00E659CB /* Playlist Tab */,
				914B52CE206186E700E659CB /* PodcastTab */,
				FE3EBFE92059A815004842DF /* Favourites.storyboard */,
				FE3EBFEB2059A81A004842DF /* Player.storyboard */,
				FE3EBFF72059CE86004842DF /* MiniPlayer.storyboard */,
				FE3EBFD420599E77004842DF /* Main.storyboard */,
				FE3EBFDC20599E77004842DF /* LaunchScreen.storyboard */,
			);
			path = Storyboards;
			sourceTree = "<group>";
		};
		FE3EBFEE2059A8C6004842DF /* View Controllers */ = {
			isa = PBXGroup;
			children = (
				91419DEC20618ED50093104E /* feed Parsing */,
				914B52C62061867400E659CB /* TableView Cell */,
				914B52BE2061821B00E659CB /* PlaylistsTab */,
				914B52BF2061822A00E659CB /* PodcastsTab */,
				FE44F84F205ADB1F00D988FD /* UIAlertController+CustomAlert.swift */,
				FEE79A2C205C150900B79F63 /* ProgressSlider.swift */,
				FE00524A205AF07800F223BD /* FavouritesTableViewCell.swift */,
				FE3EBFF12059AE9D004842DF /* FavouritesTableViewController.swift */,
				FE3EBFF32059B36A004842DF /* PlayerViewController.swift */,
				FE3EBFF52059C460004842DF /* MiniPlayerViewController.swift */,
				FE3EBFD220599E77004842DF /* ViewController.swift */,
			);
			path = "View Controllers";
			sourceTree = "<group>";
		};
		FE3EBFF92059D410004842DF /* Model */ = {
			isa = PBXGroup;
			children = (
				9148C2342062993B00E0E433 /* Download */,
				FE3EC0002059EDA7004842DF /* DataManager.swift */,
				FE3EBFFA2059D425004842DF /* AudioManager.swift */,
				FE3EBFD720599E77004842DF /* Podclips.xcdatamodeld */,
			);
			path = Model;
			sourceTree = "<group>";
		};
		FE3EC0022059EF7D004842DF /* Dummy Data */ = {
			isa = PBXGroup;
			children = (
				FE3EC0042059EFBF004842DF /* cbb.jpg */,
				FE3EC0092059EFC8004842DF /* CBB.mp3 */,
				FE3EC0062059EFC3004842DF /* hh.jpg */,
				FE3EC0032059EFBF004842DF /* HH.mp3 */,
				FE3EC00A2059EFC8004842DF /* ra.jpg */,
				FE3EC0072059EFC5004842DF /* RA.mp3 */,
				FE3EC0082059EFC5004842DF /* utu2tm.jpg */,
				FE3EC0052059EFC3004842DF /* UTU2TM.mp3 */,
			);
			name = "Dummy Data";
			path = "../Dummy Data";
			sourceTree = "<group>";
		};
/* End PBXGroup section */

/* Begin PBXNativeTarget section */
		FE3EBFCC20599E77004842DF /* Podclips */ = {
			isa = PBXNativeTarget;
			buildConfigurationList = FE3EBFE220599E77004842DF /* Build configuration list for PBXNativeTarget "Podclips" */;
			buildPhases = (
				FE3EBFC920599E77004842DF /* Sources */,
				FE3EBFCA20599E77004842DF /* Frameworks */,
				FE3EBFCB20599E77004842DF /* Resources */,
				91419E1220619A5A0093104E /* Embed Frameworks */,
			);
			buildRules = (
			);
			dependencies = (
			);
			name = Podclips;
			productName = Podclips;
			productReference = FE3EBFCD20599E77004842DF /* Podclips.app */;
			productType = "com.apple.product-type.application";
		};
/* End PBXNativeTarget section */

/* Begin PBXProject section */
		FE3EBFC520599E77004842DF /* Project object */ = {
			isa = PBXProject;
			attributes = {
				LastSwiftUpdateCheck = 0920;
				LastUpgradeCheck = 0920;
				ORGANIZATIONNAME = "Ryan Maksymic";
				TargetAttributes = {
					FE3EBFCC20599E77004842DF = {
						CreatedOnToolsVersion = 9.2;
						ProvisioningStyle = Automatic;
						SystemCapabilities = {
							com.apple.BackgroundModes = {
								enabled = 1;
							};
						};
					};
				};
			};
			buildConfigurationList = FE3EBFC820599E77004842DF /* Build configuration list for PBXProject "Podclips" */;
			compatibilityVersion = "Xcode 8.0";
			developmentRegion = en;
			hasScannedForEncodings = 0;
			knownRegions = (
				en,
				Base,
			);
			mainGroup = FE3EBFC420599E77004842DF;
			productRefGroup = FE3EBFCE20599E77004842DF /* Products */;
			projectDirPath = "";
			projectRoot = "";
			targets = (
				FE3EBFCC20599E77004842DF /* Podclips */,
			);
		};
/* End PBXProject section */

/* Begin PBXResourcesBuildPhase section */
		FE3EBFCB20599E77004842DF /* Resources */ = {
			isa = PBXResourcesBuildPhase;
			buildActionMask = 2147483647;
			files = (
				FE3EBFE82059A80E004842DF /* Podcasts.storyboard in Resources */,
				FE3EBFEC2059A81A004842DF /* Player.storyboard in Resources */,
				FE3EBFDE20599E77004842DF /* LaunchScreen.storyboard in Resources */,
				FE3EBFEA2059A815004842DF /* Favourites.storyboard in Resources */,
				FE3EBFDB20599E77004842DF /* Assets.xcassets in Resources */,
				914B52C3206185AC00E659CB /* Playlists.storyboard in Resources */,
				FE3EBFF82059CE86004842DF /* MiniPlayer.storyboard in Resources */,
				FE3EBFD620599E77004842DF /* Main.storyboard in Resources */,
			);
			runOnlyForDeploymentPostprocessing = 0;
		};
/* End PBXResourcesBuildPhase section */

/* Begin PBXSourcesBuildPhase section */
		FE3EBFC920599E77004842DF /* Sources */ = {
			isa = PBXSourcesBuildPhase;
			buildActionMask = 2147483647;
			files = (
				FEE79A2D205C150900B79F63 /* ProgressSlider.swift in Sources */,
				914B52D82061892200E659CB /* PodcastsViewController.swift in Sources */,
				FE3EBFD920599E77004842DF /* Podclips.xcdatamodeld in Sources */,
				914B52C8206186A300E659CB /* EpisodesViewController.swift in Sources */,
				FE3EC0012059EDA8004842DF /* DataManager.swift in Sources */,
				FE3EBFFB2059D425004842DF /* AudioManager.swift in Sources */,
				914B52D02061873E00E659CB /* EpisodeDetailViewController.swift in Sources */,
				914B52CA206186B000E659CB /* AddPodcastViewController.swift in Sources */,
				FE3EBFF22059AE9D004842DF /* FavouritesTableViewController.swift in Sources */,
				914B52C52061866400E659CB /* PlaylistsViewController.swift in Sources */,
				914B52D42061879D00E659CB /* EpisodeTableViewCell.swift in Sources */,
				914B52D22061878E00E659CB /* PodcastTableViewCell.swift in Sources */,
				9148C23620629B2F00E0E433 /* Download.swift in Sources */,
				FE3EBFF62059C460004842DF /* MiniPlayerViewController.swift in Sources */,
				FE00524B205AF07800F223BD /* FavouritesTableViewCell.swift in Sources */,
				FE3EBFD320599E77004842DF /* ViewController.swift in Sources */,
				9148C233206290FB00E0E433 /* PlaylistTableViewCell.swift in Sources */,
				FE3EBFD120599E77004842DF /* AppDelegate.swift in Sources */,
				FE44F850205ADB1F00D988FD /* UIAlertController+CustomAlert.swift in Sources */,
				9148C23A20629C4100E0E433 /* PlaylistVc+URLSessionDelegate.swift in Sources */,
				91419DEE20618EF20093104E /* RssfeedParser.swift in Sources */,
				FE3EBFF42059B36A004842DF /* PlayerViewController.swift in Sources */,
				9148C23820629B7000E0E433 /* DownloadService.swift in Sources */,
			);
			runOnlyForDeploymentPostprocessing = 0;
		};
/* End PBXSourcesBuildPhase section */

/* Begin PBXVariantGroup section */
		FE3EBFD420599E77004842DF /* Main.storyboard */ = {
			isa = PBXVariantGroup;
			children = (
				FE3EBFD520599E77004842DF /* Base */,
			);
			name = Main.storyboard;
			sourceTree = "<group>";
		};
		FE3EBFDC20599E77004842DF /* LaunchScreen.storyboard */ = {
			isa = PBXVariantGroup;
			children = (
				FE3EBFDD20599E77004842DF /* Base */,
			);
			name = LaunchScreen.storyboard;
			sourceTree = "<group>";
		};
/* End PBXVariantGroup section */

/* Begin XCBuildConfiguration section */
		FE3EBFE020599E77004842DF /* Debug */ = {
			isa = XCBuildConfiguration;
			buildSettings = {
				ALWAYS_SEARCH_USER_PATHS = NO;
				CLANG_ANALYZER_NONNULL = YES;
				CLANG_ANALYZER_NUMBER_OBJECT_CONVERSION = YES_AGGRESSIVE;
				CLANG_CXX_LANGUAGE_STANDARD = "gnu++14";
				CLANG_CXX_LIBRARY = "libc++";
				CLANG_ENABLE_MODULES = YES;
				CLANG_ENABLE_OBJC_ARC = YES;
				CLANG_WARN_BLOCK_CAPTURE_AUTORELEASING = YES;
				CLANG_WARN_BOOL_CONVERSION = YES;
				CLANG_WARN_COMMA = YES;
				CLANG_WARN_CONSTANT_CONVERSION = YES;
				CLANG_WARN_DIRECT_OBJC_ISA_USAGE = YES_ERROR;
				CLANG_WARN_DOCUMENTATION_COMMENTS = YES;
				CLANG_WARN_EMPTY_BODY = YES;
				CLANG_WARN_ENUM_CONVERSION = YES;
				CLANG_WARN_INFINITE_RECURSION = YES;
				CLANG_WARN_INT_CONVERSION = YES;
				CLANG_WARN_NON_LITERAL_NULL_CONVERSION = YES;
				CLANG_WARN_OBJC_LITERAL_CONVERSION = YES;
				CLANG_WARN_OBJC_ROOT_CLASS = YES_ERROR;
				CLANG_WARN_RANGE_LOOP_ANALYSIS = YES;
				CLANG_WARN_STRICT_PROTOTYPES = YES;
				CLANG_WARN_SUSPICIOUS_MOVE = YES;
				CLANG_WARN_UNGUARDED_AVAILABILITY = YES_AGGRESSIVE;
				CLANG_WARN_UNREACHABLE_CODE = YES;
				CLANG_WARN__DUPLICATE_METHOD_MATCH = YES;
				CODE_SIGN_IDENTITY = "iPhone Developer";
				COPY_PHASE_STRIP = NO;
				DEBUG_INFORMATION_FORMAT = dwarf;
				ENABLE_STRICT_OBJC_MSGSEND = YES;
				ENABLE_TESTABILITY = YES;
				GCC_C_LANGUAGE_STANDARD = gnu11;
				GCC_DYNAMIC_NO_PIC = NO;
				GCC_NO_COMMON_BLOCKS = YES;
				GCC_OPTIMIZATION_LEVEL = 0;
				GCC_PREPROCESSOR_DEFINITIONS = (
					"DEBUG=1",
					"$(inherited)",
				);
				GCC_WARN_64_TO_32_BIT_CONVERSION = YES;
				GCC_WARN_ABOUT_RETURN_TYPE = YES_ERROR;
				GCC_WARN_UNDECLARED_SELECTOR = YES;
				GCC_WARN_UNINITIALIZED_AUTOS = YES_AGGRESSIVE;
				GCC_WARN_UNUSED_FUNCTION = YES;
				GCC_WARN_UNUSED_VARIABLE = YES;
				IPHONEOS_DEPLOYMENT_TARGET = 11.2;
				MTL_ENABLE_DEBUG_INFO = YES;
				ONLY_ACTIVE_ARCH = YES;
				SDKROOT = iphoneos;
				SWIFT_ACTIVE_COMPILATION_CONDITIONS = DEBUG;
				SWIFT_OPTIMIZATION_LEVEL = "-Onone";
			};
			name = Debug;
		};
		FE3EBFE120599E77004842DF /* Release */ = {
			isa = XCBuildConfiguration;
			buildSettings = {
				ALWAYS_SEARCH_USER_PATHS = NO;
				CLANG_ANALYZER_NONNULL = YES;
				CLANG_ANALYZER_NUMBER_OBJECT_CONVERSION = YES_AGGRESSIVE;
				CLANG_CXX_LANGUAGE_STANDARD = "gnu++14";
				CLANG_CXX_LIBRARY = "libc++";
				CLANG_ENABLE_MODULES = YES;
				CLANG_ENABLE_OBJC_ARC = YES;
				CLANG_WARN_BLOCK_CAPTURE_AUTORELEASING = YES;
				CLANG_WARN_BOOL_CONVERSION = YES;
				CLANG_WARN_COMMA = YES;
				CLANG_WARN_CONSTANT_CONVERSION = YES;
				CLANG_WARN_DIRECT_OBJC_ISA_USAGE = YES_ERROR;
				CLANG_WARN_DOCUMENTATION_COMMENTS = YES;
				CLANG_WARN_EMPTY_BODY = YES;
				CLANG_WARN_ENUM_CONVERSION = YES;
				CLANG_WARN_INFINITE_RECURSION = YES;
				CLANG_WARN_INT_CONVERSION = YES;
				CLANG_WARN_NON_LITERAL_NULL_CONVERSION = YES;
				CLANG_WARN_OBJC_LITERAL_CONVERSION = YES;
				CLANG_WARN_OBJC_ROOT_CLASS = YES_ERROR;
				CLANG_WARN_RANGE_LOOP_ANALYSIS = YES;
				CLANG_WARN_STRICT_PROTOTYPES = YES;
				CLANG_WARN_SUSPICIOUS_MOVE = YES;
				CLANG_WARN_UNGUARDED_AVAILABILITY = YES_AGGRESSIVE;
				CLANG_WARN_UNREACHABLE_CODE = YES;
				CLANG_WARN__DUPLICATE_METHOD_MATCH = YES;
				CODE_SIGN_IDENTITY = "iPhone Developer";
				COPY_PHASE_STRIP = NO;
				DEBUG_INFORMATION_FORMAT = "dwarf-with-dsym";
				ENABLE_NS_ASSERTIONS = NO;
				ENABLE_STRICT_OBJC_MSGSEND = YES;
				GCC_C_LANGUAGE_STANDARD = gnu11;
				GCC_NO_COMMON_BLOCKS = YES;
				GCC_WARN_64_TO_32_BIT_CONVERSION = YES;
				GCC_WARN_ABOUT_RETURN_TYPE = YES_ERROR;
				GCC_WARN_UNDECLARED_SELECTOR = YES;
				GCC_WARN_UNINITIALIZED_AUTOS = YES_AGGRESSIVE;
				GCC_WARN_UNUSED_FUNCTION = YES;
				GCC_WARN_UNUSED_VARIABLE = YES;
				IPHONEOS_DEPLOYMENT_TARGET = 11.2;
				MTL_ENABLE_DEBUG_INFO = NO;
				SDKROOT = iphoneos;
				SWIFT_OPTIMIZATION_LEVEL = "-Owholemodule";
				VALIDATE_PRODUCT = YES;
			};
			name = Release;
		};
		FE3EBFE320599E77004842DF /* Debug */ = {
			isa = XCBuildConfiguration;
			buildSettings = {
				ASSETCATALOG_COMPILER_APPICON_NAME = AppIcon;
				CODE_SIGN_STYLE = Automatic;
				DEVELOPMENT_TEAM = S4M5EG9HS8;
				FRAMEWORK_SEARCH_PATHS = (
					"$(inherited)",
					"$(PROJECT_DIR)/Carthage/Build/iOS",
				);
				INFOPLIST_FILE = Podclips/Info.plist;
				LD_RUNPATH_SEARCH_PATHS = "$(inherited) @executable_path/Frameworks";
				PRODUCT_BUNDLE_IDENTIFIER = com.ryanmaksymic.Podclips;
				PRODUCT_NAME = "$(TARGET_NAME)";
				SWIFT_VERSION = 4.0;
				TARGETED_DEVICE_FAMILY = "1,2";
			};
			name = Debug;
		};
		FE3EBFE420599E77004842DF /* Release */ = {
			isa = XCBuildConfiguration;
			buildSettings = {
				ASSETCATALOG_COMPILER_APPICON_NAME = AppIcon;
				CODE_SIGN_STYLE = Automatic;
				DEVELOPMENT_TEAM = S4M5EG9HS8;
				FRAMEWORK_SEARCH_PATHS = (
					"$(inherited)",
					"$(PROJECT_DIR)/Carthage/Build/iOS",
				);
				INFOPLIST_FILE = Podclips/Info.plist;
				LD_RUNPATH_SEARCH_PATHS = "$(inherited) @executable_path/Frameworks";
				PRODUCT_BUNDLE_IDENTIFIER = com.ryanmaksymic.Podclips;
				PRODUCT_NAME = "$(TARGET_NAME)";
				SWIFT_VERSION = 4.0;
				TARGETED_DEVICE_FAMILY = "1,2";
			};
			name = Release;
		};
/* End XCBuildConfiguration section */

/* Begin XCConfigurationList section */
		FE3EBFC820599E77004842DF /* Build configuration list for PBXProject "Podclips" */ = {
			isa = XCConfigurationList;
			buildConfigurations = (
				FE3EBFE020599E77004842DF /* Debug */,
				FE3EBFE120599E77004842DF /* Release */,
			);
			defaultConfigurationIsVisible = 0;
			defaultConfigurationName = Release;
		};
		FE3EBFE220599E77004842DF /* Build configuration list for PBXNativeTarget "Podclips" */ = {
			isa = XCConfigurationList;
			buildConfigurations = (
				FE3EBFE320599E77004842DF /* Debug */,
				FE3EBFE420599E77004842DF /* Release */,
			);
			defaultConfigurationIsVisible = 0;
			defaultConfigurationName = Release;
		};
/* End XCConfigurationList section */

/* Begin XCVersionGroup section */
		FE3EBFD720599E77004842DF /* Podclips.xcdatamodeld */ = {
			isa = XCVersionGroup;
			children = (
				FE3EBFD820599E77004842DF /* Podclips.xcdatamodel */,
			);
			currentVersion = FE3EBFD820599E77004842DF /* Podclips.xcdatamodel */;
			path = Podclips.xcdatamodeld;
			sourceTree = "<group>";
			versionGroupType = wrapper.xcdatamodel;
		};
/* End XCVersionGroup section */
	};
	rootObject = FE3EBFC520599E77004842DF /* Project object */;
}
